// !$*UTF8*$!
{
	archiveVersion = 1;
	classes = {
	};
	objectVersion = 56;
	objects = {

/* Begin PBXBuildFile section */
		531D76DA293B14720042DDFF /* AppDelegate.swift in Sources */ = {isa = PBXBuildFile; fileRef = 531D76D9293B14720042DDFF /* AppDelegate.swift */; };
		531D76DC293B14720042DDFF /* SceneDelegate.swift in Sources */ = {isa = PBXBuildFile; fileRef = 531D76DB293B14720042DDFF /* SceneDelegate.swift */; };
		531D76DE293B14720042DDFF /* ViewController.swift in Sources */ = {isa = PBXBuildFile; fileRef = 531D76DD293B14720042DDFF /* ViewController.swift */; };
		531D76E3293B14730042DDFF /* Assets.xcassets in Resources */ = {isa = PBXBuildFile; fileRef = 531D76E2293B14730042DDFF /* Assets.xcassets */; };
		531D76E6293B14730042DDFF /* LaunchScreen.storyboard in Resources */ = {isa = PBXBuildFile; fileRef = 531D76E4293B14730042DDFF /* LaunchScreen.storyboard */; };
		531D76EF293B14800042DDFF /* AudioKit in Frameworks */ = {isa = PBXBuildFile; productRef = 531D76EE293B14800042DDFF /* AudioKit */; };
		531D76F1293B15010042DDFF /* PlaySound.swift in Sources */ = {isa = PBXBuildFile; fileRef = 531D76F0293B15010042DDFF /* PlaySound.swift */; };
		531D76F3293B157D0042DDFF /* FS-Telecaster-I5-HedSound.sf2 in Resources */ = {isa = PBXBuildFile; fileRef = 531D76F2293B157D0042DDFF /* FS-Telecaster-I5-HedSound.sf2 */; };
		531D76F5293B15DE0042DDFF /* Nice-Steinway-Lite-v3.0.sf2 in Resources */ = {isa = PBXBuildFile; fileRef = 531D76F4293B15DE0042DDFF /* Nice-Steinway-Lite-v3.0.sf2 */; };
/* End PBXBuildFile section */

/* Begin PBXFileReference section */
		531D76D6293B14720042DDFF /* AudioKitSequenceExample.app */ = {isa = PBXFileReference; explicitFileType = wrapper.application; includeInIndex = 0; path = AudioKitSequenceExample.app; sourceTree = BUILT_PRODUCTS_DIR; };
		531D76D9293B14720042DDFF /* AppDelegate.swift */ = {isa = PBXFileReference; lastKnownFileType = sourcecode.swift; path = AppDelegate.swift; sourceTree = "<group>"; };
		531D76DB293B14720042DDFF /* SceneDelegate.swift */ = {isa = PBXFileReference; lastKnownFileType = sourcecode.swift; path = SceneDelegate.swift; sourceTree = "<group>"; };
		531D76DD293B14720042DDFF /* ViewController.swift */ = {isa = PBXFileReference; lastKnownFileType = sourcecode.swift; path = ViewController.swift; sourceTree = "<group>"; };
		531D76E2293B14730042DDFF /* Assets.xcassets */ = {isa = PBXFileReference; lastKnownFileType = folder.assetcatalog; path = Assets.xcassets; sourceTree = "<group>"; };
		531D76E5293B14730042DDFF /* Base */ = {isa = PBXFileReference; lastKnownFileType = file.storyboard; name = Base; path = Base.lproj/LaunchScreen.storyboard; sourceTree = "<group>"; };
		531D76E7293B14730042DDFF /* Info.plist */ = {isa = PBXFileReference; lastKnownFileType = text.plist.xml; path = Info.plist; sourceTree = "<group>"; };
		531D76F0293B15010042DDFF /* PlaySound.swift */ = {isa = PBXFileReference; lastKnownFileType = sourcecode.swift; path = PlaySound.swift; sourceTree = "<group>"; };
		531D76F2293B157D0042DDFF /* FS-Telecaster-I5-HedSound.sf2 */ = {isa = PBXFileReference; lastKnownFileType = file; path = "FS-Telecaster-I5-HedSound.sf2"; sourceTree = "<group>"; };
		531D76F4293B15DE0042DDFF /* Nice-Steinway-Lite-v3.0.sf2 */ = {isa = PBXFileReference; lastKnownFileType = file; path = "Nice-Steinway-Lite-v3.0.sf2"; sourceTree = "<group>"; };
/* End PBXFileReference section */

/* Begin PBXFrameworksBuildPhase section */
		531D76D3293B14720042DDFF /* Frameworks */ = {
			isa = PBXFrameworksBuildPhase;
			buildActionMask = 2147483647;
			files = (
				531D76EF293B14800042DDFF /* AudioKit in Frameworks */,
			);
			runOnlyForDeploymentPostprocessing = 0;
		};
/* End PBXFrameworksBuildPhase section */

/* Begin PBXGroup section */
		531D76CD293B14720042DDFF = {
			isa = PBXGroup;
			children = (
				531D76F4293B15DE0042DDFF /* Nice-Steinway-Lite-v3.0.sf2 */,
				531D76F2293B157D0042DDFF /* FS-Telecaster-I5-HedSound.sf2 */,
				531D76D8293B14720042DDFF /* AudioKitSequenceExample */,
				531D76D7293B14720042DDFF /* Products */,
			);
			sourceTree = "<group>";
		};
		531D76D7293B14720042DDFF /* Products */ = {
			isa = PBXGroup;
			children = (
				531D76D6293B14720042DDFF /* AudioKitSequenceExample.app */,
			);
			name = Products;
			sourceTree = "<group>";
		};
		531D76D8293B14720042DDFF /* AudioKitSequenceExample */ = {
			isa = PBXGroup;
			children = (
				531D76D9293B14720042DDFF /* AppDelegate.swift */,
				531D76DB293B14720042DDFF /* SceneDelegate.swift */,
				531D76DD293B14720042DDFF /* ViewController.swift */,
				531D76F0293B15010042DDFF /* PlaySound.swift */,
				531D76E2293B14730042DDFF /* Assets.xcassets */,
				531D76E4293B14730042DDFF /* LaunchScreen.storyboard */,
				531D76E7293B14730042DDFF /* Info.plist */,
			);
			path = AudioKitSequenceExample;
			sourceTree = "<group>";
		};
/* End PBXGroup section */

/* Begin PBXNativeTarget section */
		531D76D5293B14720042DDFF /* AudioKitSequenceExample */ = {
			isa = PBXNativeTarget;
			buildConfigurationList = 531D76EA293B14730042DDFF /* Build configuration list for PBXNativeTarget "AudioKitSequenceExample" */;
			buildPhases = (
				531D76D2293B14720042DDFF /* Sources */,
				531D76D3293B14720042DDFF /* Frameworks */,
				531D76D4293B14720042DDFF /* Resources */,
			);
			buildRules = (
			);
			dependencies = (
			);
			name = AudioKitSequenceExample;
			packageProductDependencies = (
				531D76EE293B14800042DDFF /* AudioKit */,
			);
			productName = AudioKitSequenceExample;
			productReference = 531D76D6293B14720042DDFF /* AudioKitSequenceExample.app */;
			productType = "com.apple.product-type.application";
		};
/* End PBXNativeTarget section */

/* Begin PBXProject section */
		531D76CE293B14720042DDFF /* Project object */ = {
			isa = PBXProject;
			attributes = {
				BuildIndependentTargetsInParallel = 1;
				LastSwiftUpdateCheck = 1400;
				LastUpgradeCheck = 1400;
				TargetAttributes = {
					531D76D5293B14720042DDFF = {
						CreatedOnToolsVersion = 14.0.1;
					};
				};
			};
			buildConfigurationList = 531D76D1293B14720042DDFF /* Build configuration list for PBXProject "AudioKitSequenceExample" */;
			compatibilityVersion = "Xcode 14.0";
			developmentRegion = en;
			hasScannedForEncodings = 0;
			knownRegions = (
				en,
				Base,
			);
			mainGroup = 531D76CD293B14720042DDFF;
			packageReferences = (
				531D76ED293B14800042DDFF /* XCRemoteSwiftPackageReference "AudioKit" */,
			);
			productRefGroup = 531D76D7293B14720042DDFF /* Products */;
			projectDirPath = "";
			projectRoot = "";
			targets = (
				531D76D5293B14720042DDFF /* AudioKitSequenceExample */,
			);
		};
/* End PBXProject section */

/* Begin PBXResourcesBuildPhase section */
		531D76D4293B14720042DDFF /* Resources */ = {
			isa = PBXResourcesBuildPhase;
			buildActionMask = 2147483647;
			files = (
				531D76F5293B15DE0042DDFF /* Nice-Steinway-Lite-v3.0.sf2 in Resources */,
				531D76F3293B157D0042DDFF /* FS-Telecaster-I5-HedSound.sf2 in Resources */,
				531D76E6293B14730042DDFF /* LaunchScreen.storyboard in Resources */,
				531D76E3293B14730042DDFF /* Assets.xcassets in Resources */,
			);
			runOnlyForDeploymentPostprocessing = 0;
		};
/* End PBXResourcesBuildPhase section */

/* Begin PBXSourcesBuildPhase section */
		531D76D2293B14720042DDFF /* Sources */ = {
			isa = PBXSourcesBuildPhase;
			buildActionMask = 2147483647;
			files = (
				531D76DE293B14720042DDFF /* ViewController.swift in Sources */,
				531D76F1293B15010042DDFF /* PlaySound.swift in Sources */,
				531D76DA293B14720042DDFF /* AppDelegate.swift in Sources */,
				531D76DC293B14720042DDFF /* SceneDelegate.swift in Sources */,
			);
			runOnlyForDeploymentPostprocessing = 0;
		};
/* End PBXSourcesBuildPhase section */

/* Begin PBXVariantGroup section */
		531D76E4293B14730042DDFF /* LaunchScreen.storyboard */ = {
			isa = PBXVariantGroup;
			children = (
				531D76E5293B14730042DDFF /* Base */,
			);
			name = LaunchScreen.storyboard;
			sourceTree = "<group>";
		};
/* End PBXVariantGroup section */

/* Begin XCBuildConfiguration section */
		531D76E8293B14730042DDFF /* Debug */ = {
			isa = XCBuildConfiguration;
			buildSettings = {
				ALWAYS_SEARCH_USER_PATHS = NO;
				CLANG_ANALYZER_NONNULL = YES;
				CLANG_ANALYZER_NUMBER_OBJECT_CONVERSION = YES_AGGRESSIVE;
				CLANG_CXX_LANGUAGE_STANDARD = "gnu++20";
				CLANG_ENABLE_MODULES = YES;
				CLANG_ENABLE_OBJC_ARC = YES;
				CLANG_ENABLE_OBJC_WEAK = YES;
				CLANG_WARN_BLOCK_CAPTURE_AUTORELEASING = YES;
				CLANG_WARN_BOOL_CONVERSION = YES;
				CLANG_WARN_COMMA = YES;
				CLANG_WARN_CONSTANT_CONVERSION = YES;
				CLANG_WARN_DEPRECATED_OBJC_IMPLEMENTATIONS = YES;
				CLANG_WARN_DIRECT_OBJC_ISA_USAGE = YES_ERROR;
				CLANG_WARN_DOCUMENTATION_COMMENTS = YES;
				CLANG_WARN_EMPTY_BODY = YES;
				CLANG_WARN_ENUM_CONVERSION = YES;
				CLANG_WARN_INFINITE_RECURSION = YES;
				CLANG_WARN_INT_CONVERSION = YES;
				CLANG_WARN_NON_LITERAL_NULL_CONVERSION = YES;
				CLANG_WARN_OBJC_IMPLICIT_RETAIN_SELF = YES;
				CLANG_WARN_OBJC_LITERAL_CONVERSION = YES;
				CLANG_WARN_OBJC_ROOT_CLASS = YES_ERROR;
				CLANG_WARN_QUOTED_INCLUDE_IN_FRAMEWORK_HEADER = YES;
				CLANG_WARN_RANGE_LOOP_ANALYSIS = YES;
				CLANG_WARN_STRICT_PROTOTYPES = YES;
				CLANG_WARN_SUSPICIOUS_MOVE = YES;
				CLANG_WARN_UNGUARDED_AVAILABILITY = YES_AGGRESSIVE;
				CLANG_WARN_UNREACHABLE_CODE = YES;
				CLANG_WARN__DUPLICATE_METHOD_MATCH = YES;
				COPY_PHASE_STRIP = NO;
				DEBUG_INFORMATION_FORMAT = dwarf;
				ENABLE_STRICT_OBJC_MSGSEND = YES;
				ENABLE_TESTABILITY = YES;
				GCC_C_LANGUAGE_STANDARD = gnu11;
				GCC_DYNAMIC_NO_PIC = NO;
				GCC_NO_COMMON_BLOCKS = YES;
				GCC_OPTIMIZATION_LEVEL = 0;
				GCC_PREPROCESSOR_DEFINITIONS = (
					"DEBUG=1",
					"$(inherited)",
				);
				GCC_WARN_64_TO_32_BIT_CONVERSION = YES;
				GCC_WARN_ABOUT_RETURN_TYPE = YES_ERROR;
				GCC_WARN_UNDECLARED_SELECTOR = YES;
				GCC_WARN_UNINITIALIZED_AUTOS = YES_AGGRESSIVE;
				GCC_WARN_UNUSED_FUNCTION = YES;
				GCC_WARN_UNUSED_VARIABLE = YES;
				IPHONEOS_DEPLOYMENT_TARGET = 16.0;
				MTL_ENABLE_DEBUG_INFO = INCLUDE_SOURCE;
				MTL_FAST_MATH = YES;
				ONLY_ACTIVE_ARCH = YES;
				SDKROOT = iphoneos;
				SWIFT_ACTIVE_COMPILATION_CONDITIONS = DEBUG;
				SWIFT_OPTIMIZATION_LEVEL = "-Onone";
			};
			name = Debug;
		};
		531D76E9293B14730042DDFF /* Release */ = {
			isa = XCBuildConfiguration;
			buildSettings = {
				ALWAYS_SEARCH_USER_PATHS = NO;
				CLANG_ANALYZER_NONNULL = YES;
				CLANG_ANALYZER_NUMBER_OBJECT_CONVERSION = YES_AGGRESSIVE;
				CLANG_CXX_LANGUAGE_STANDARD = "gnu++20";
				CLANG_ENABLE_MODULES = YES;
				CLANG_ENABLE_OBJC_ARC = YES;
				CLANG_ENABLE_OBJC_WEAK = YES;
				CLANG_WARN_BLOCK_CAPTURE_AUTORELEASING = YES;
				CLANG_WARN_BOOL_CONVERSION = YES;
				CLANG_WARN_COMMA = YES;
				CLANG_WARN_CONSTANT_CONVERSION = YES;
				CLANG_WARN_DEPRECATED_OBJC_IMPLEMENTATIONS = YES;
				CLANG_WARN_DIRECT_OBJC_ISA_USAGE = YES_ERROR;
				CLANG_WARN_DOCUMENTATION_COMMENTS = YES;
				CLANG_WARN_EMPTY_BODY = YES;
				CLANG_WARN_ENUM_CONVERSION = YES;
				CLANG_WARN_INFINITE_RECURSION = YES;
				CLANG_WARN_INT_CONVERSION = YES;
				CLANG_WARN_NON_LITERAL_NULL_CONVERSION = YES;
				CLANG_WARN_OBJC_IMPLICIT_RETAIN_SELF = YES;
				CLANG_WARN_OBJC_LITERAL_CONVERSION = YES;
				CLANG_WARN_OBJC_ROOT_CLASS = YES_ERROR;
				CLANG_WARN_QUOTED_INCLUDE_IN_FRAMEWORK_HEADER = YES;
				CLANG_WARN_RANGE_LOOP_ANALYSIS = YES;
				CLANG_WARN_STRICT_PROTOTYPES = YES;
				CLANG_WARN_SUSPICIOUS_MOVE = YES;
				CLANG_WARN_UNGUARDED_AVAILABILITY = YES_AGGRESSIVE;
				CLANG_WARN_UNREACHABLE_CODE = YES;
				CLANG_WARN__DUPLICATE_METHOD_MATCH = YES;
				COPY_PHASE_STRIP = NO;
				DEBUG_INFORMATION_FORMAT = "dwarf-with-dsym";
				ENABLE_NS_ASSERTIONS = NO;
				ENABLE_STRICT_OBJC_MSGSEND = YES;
				GCC_C_LANGUAGE_STANDARD = gnu11;
				GCC_NO_COMMON_BLOCKS = YES;
				GCC_WARN_64_TO_32_BIT_CONVERSION = YES;
				GCC_WARN_ABOUT_RETURN_TYPE = YES_ERROR;
				GCC_WARN_UNDECLARED_SELECTOR = YES;
				GCC_WARN_UNINITIALIZED_AUTOS = YES_AGGRESSIVE;
				GCC_WARN_UNUSED_FUNCTION = YES;
				GCC_WARN_UNUSED_VARIABLE = YES;
				IPHONEOS_DEPLOYMENT_TARGET = 16.0;
				MTL_ENABLE_DEBUG_INFO = NO;
				MTL_FAST_MATH = YES;
				SDKROOT = iphoneos;
				SWIFT_COMPILATION_MODE = wholemodule;
				SWIFT_OPTIMIZATION_LEVEL = "-O";
				VALIDATE_PRODUCT = YES;
			};
			name = Release;
		};
		531D76EB293B14730042DDFF /* Debug */ = {
			isa = XCBuildConfiguration;
			buildSettings = {
				ASSETCATALOG_COMPILER_APPICON_NAME = AppIcon;
				ASSETCATALOG_COMPILER_GLOBAL_ACCENT_COLOR_NAME = AccentColor;
				CODE_SIGN_STYLE = Automatic;
				CURRENT_PROJECT_VERSION = 1;
				DEVELOPMENT_TEAM = MKMTS45SHE;
				GENERATE_INFOPLIST_FILE = YES;
				INFOPLIST_FILE = AudioKitSequenceExample/Info.plist;
				INFOPLIST_KEY_UIApplicationSupportsIndirectInputEvents = YES;
				INFOPLIST_KEY_UILaunchStoryboardName = LaunchScreen;
				INFOPLIST_KEY_UISupportedInterfaceOrientations_iPad = "UIInterfaceOrientationPortrait UIInterfaceOrientationPortraitUpsideDown UIInterfaceOrientationLandscapeLeft UIInterfaceOrientationLandscapeRight";
				INFOPLIST_KEY_UISupportedInterfaceOrientations_iPhone = "UIInterfaceOrientationPortrait UIInterfaceOrientationLandscapeLeft UIInterfaceOrientationLandscapeRight";
				LD_RUNPATH_SEARCH_PATHS = (
					"$(inherited)",
					"@executable_path/Frameworks",
				);
				MARKETING_VERSION = 1.0;
				PRODUCT_BUNDLE_IDENTIFIER = app.kobito.AudioKitSequenceExample;
				PRODUCT_NAME = "$(TARGET_NAME)";
				SWIFT_EMIT_LOC_STRINGS = YES;
				SWIFT_VERSION = 5.0;
				TARGETED_DEVICE_FAMILY = "1,2";
			};
			name = Debug;
		};
		531D76EC293B14730042DDFF /* Release */ = {
			isa = XCBuildConfiguration;
			buildSettings = {
				ASSETCATALOG_COMPILER_APPICON_NAME = AppIcon;
				ASSETCATALOG_COMPILER_GLOBAL_ACCENT_COLOR_NAME = AccentColor;
				CODE_SIGN_STYLE = Automatic;
				CURRENT_PROJECT_VERSION = 1;
				DEVELOPMENT_TEAM = MKMTS45SHE;
				GENERATE_INFOPLIST_FILE = YES;
				INFOPLIST_FILE = AudioKitSequenceExample/Info.plist;
				INFOPLIST_KEY_UIApplicationSupportsIndirectInputEvents = YES;
				INFOPLIST_KEY_UILaunchStoryboardName = LaunchScreen;
				INFOPLIST_KEY_UISupportedInterfaceOrientations_iPad = "UIInterfaceOrientationPortrait UIInterfaceOrientationPortraitUpsideDown UIInterfaceOrientationLandscapeLeft UIInterfaceOrientationLandscapeRight";
				INFOPLIST_KEY_UISupportedInterfaceOrientations_iPhone = "UIInterfaceOrientationPortrait UIInterfaceOrientationLandscapeLeft UIInterfaceOrientationLandscapeRight";
				LD_RUNPATH_SEARCH_PATHS = (
					"$(inherited)",
					"@executable_path/Frameworks",
				);
				MARKETING_VERSION = 1.0;
				PRODUCT_BUNDLE_IDENTIFIER = app.kobito.AudioKitSequenceExample;
				PRODUCT_NAME = "$(TARGET_NAME)";
				SWIFT_EMIT_LOC_STRINGS = YES;
				SWIFT_VERSION = 5.0;
				TARGETED_DEVICE_FAMILY = "1,2";
			};
			name = Release;
		};
/* End XCBuildConfiguration section */

/* Begin XCConfigurationList section */
		531D76D1293B14720042DDFF /* Build configuration list for PBXProject "AudioKitSequenceExample" */ = {
			isa = XCConfigurationList;
			buildConfigurations = (
				531D76E8293B14730042DDFF /* Debug */,
				531D76E9293B14730042DDFF /* Release */,
			);
			defaultConfigurationIsVisible = 0;
			defaultConfigurationName = Release;
		};
		531D76EA293B14730042DDFF /* Build configuration list for PBXNativeTarget "AudioKitSequenceExample" */ = {
			isa = XCConfigurationList;
			buildConfigurations = (
				531D76EB293B14730042DDFF /* Debug */,
				531D76EC293B14730042DDFF /* Release */,
			);
			defaultConfigurationIsVisible = 0;
			defaultConfigurationName = Release;
		};
/* End XCConfigurationList section */

/* Begin XCRemoteSwiftPackageReference section */
		531D76ED293B14800042DDFF /* XCRemoteSwiftPackageReference "AudioKit" */ = {
			isa = XCRemoteSwiftPackageReference;
			repositoryURL = "https://github.com/AudioKit/AudioKit.git";
			requirement = {
				kind = upToNextMajorVersion;
				minimumVersion = 5.0.0;
			};
		};
/* End XCRemoteSwiftPackageReference section */

/* Begin XCSwiftPackageProductDependency section */
		531D76EE293B14800042DDFF /* AudioKit */ = {
			isa = XCSwiftPackageProductDependency;
			package = 531D76ED293B14800042DDFF /* XCRemoteSwiftPackageReference "AudioKit" */;
			productName = AudioKit;
		};
/* End XCSwiftPackageProductDependency section */
	};
	rootObject = 531D76CE293B14720042DDFF /* Project object */;
}
